
Microsoft Visual Studio Solution File, Format Version 12.00
# Visual Studio Version 16
VisualStudioVersion = 16.0.29424.173
MinimumVisualStudioVersion = 10.0.40219.1
Project("{8BC9CEB8-8B4A-11D0-8D11-00A0C91BC942}") = "MandelbrotCuda", "MandelbrotCuda.vcxproj", "{6EBBADB6-A42B-4D31-8E72-74D14AC16080}"
EndProject
Global
	GlobalSection(SolutionConfigurationPlatforms) = preSolution
		Debug|x64 = Debug|x64
		Debug|x86 = Debug|x86
		Release|x64 = Release|x64
		Release|x86 = Release|x86
	EndGlobalSection
	GlobalSection(ProjectConfigurationPlatforms) = postSolution
		{6EBBADB6-A42B-4D31-8E72-74D14AC16080}.Debug|x64.ActiveCfg = Debug|x64
		{6EBBADB6-A42B-4D31-8E72-74D14AC16080}.Debug|x64.Build.0 = Debug|x64
		{6EBBADB6-A42B-4D31-8E72-74D14AC16080}.Debug|x86.ActiveCfg = Debug|Win32
		{6EBBADB6-A42B-4D31-8E72-74D14AC16080}.Debug|x86.Build.0 = Debug|Win32
		{6EBBADB6-A42B-4D31-8E72-74D14AC16080}.Release|x64.ActiveCfg = Release|x64
		{6EBBADB6-A42B-4D31-8E72-74D14AC16080}.Release|x64.Build.0 = Release|x64
		{6EBBADB6-A42B-4D31-8E72-74D14AC16080}.Release|x86.ActiveCfg = Release|Win32
		{6EBBADB6-A42B-4D31-8E72-74D14AC16080}.Release|x86.Build.0 = Release|Win32
	EndGlobalSection
	GlobalSection(SolutionProperties) = preSolution
		HideSolutionNode = FALSE
	EndGlobalSection
	GlobalSection(ExtensibilityGlobals) = postSolution
		SolutionGuid = {187D217D-0ADB-4718-A8E3-0B0D005F74D0}
	EndGlobalSection
EndGlobal
